
Microsoft Visual Studio Solution File, Format Version 12.00
# Visual Studio Version 17
VisualStudioVersion = 17.13.35825.156 d17.13
MinimumVisualStudioVersion = 10.0.40219.1
Project("{FAE04EC0-301F-11D3-BF4B-00C04F79EFBC}") = "PO_projekt", "PO_projekt.csproj", "{F33291E2-0AA7-872C-FE53-D6BE89B766D8}"
EndProject
Global
	GlobalSection(SolutionConfigurationPlatforms) = preSolution
		Debug|Any CPU = Debug|Any CPU
		Release|Any CPU = Release|Any CPU
	EndGlobalSection
	GlobalSection(ProjectConfigurationPlatforms) = postSolution
		{F33291E2-0AA7-872C-FE53-D6BE89B766D8}.Debug|Any CPU.ActiveCfg = Debug|Any CPU
		{F33291E2-0AA7-872C-FE53-D6BE89B766D8}.Debug|Any CPU.Build.0 = Debug|Any CPU
		{F33291E2-0AA7-872C-FE53-D6BE89B766D8}.Release|Any CPU.ActiveCfg = Release|Any CPU
		{F33291E2-0AA7-872C-FE53-D6BE89B766D8}.Release|Any CPU.Build.0 = Release|Any CPU
	EndGlobalSection
	GlobalSection(SolutionProperties) = preSolution
		HideSolutionNode = FALSE
	EndGlobalSection
	GlobalSection(ExtensibilityGlobals) = postSolution
		SolutionGuid = {7A8E6319-8AF9-43D8-9FCA-4B6A389129C3}
	EndGlobalSection
EndGlobal
